// !$*UTF8*$!
{
	archiveVersion = 1;
	classes = {
	};
	objectVersion = 48;
	objects = {

/* Begin PBXBuildFile section */
		8C196B8120682A6300B407CB /* AppDelegate.swift in Sources */ = {isa = PBXBuildFile; fileRef = 8C196B8020682A6300B407CB /* AppDelegate.swift */; };
		8C196B8320682A6300B407CB /* SignInVC.swift in Sources */ = {isa = PBXBuildFile; fileRef = 8C196B8220682A6300B407CB /* SignInVC.swift */; };
		8C196B8620682A6300B407CB /* Main.storyboard in Resources */ = {isa = PBXBuildFile; fileRef = 8C196B8420682A6300B407CB /* Main.storyboard */; };
		8C196B8820682A6300B407CB /* Assets.xcassets in Resources */ = {isa = PBXBuildFile; fileRef = 8C196B8720682A6300B407CB /* Assets.xcassets */; };
		8C196B8B20682A6300B407CB /* LaunchScreen.storyboard in Resources */ = {isa = PBXBuildFile; fileRef = 8C196B8920682A6300B407CB /* LaunchScreen.storyboard */; };
		8C2159B4206889EC005A54A5 /* SignUpVC.swift in Sources */ = {isa = PBXBuildFile; fileRef = 8C2159B3206889EC005A54A5 /* SignUpVC.swift */; };
		8C2159B620688BB7005A54A5 /* Extension.swift in Sources */ = {isa = PBXBuildFile; fileRef = 8C2159B520688BB7005A54A5 /* Extension.swift */; };
		8C2159B820696955005A54A5 /* MainPageVC.swift in Sources */ = {isa = PBXBuildFile; fileRef = 8C2159B720696955005A54A5 /* MainPageVC.swift */; };
		D2906B638EA1D7B59102DF0B /* Pods_myEHR.framework in Frameworks */ = {isa = PBXBuildFile; fileRef = 6CE5365EDD9809FD01C6DECE /* Pods_myEHR.framework */; };
/* End PBXBuildFile section */

/* Begin PBXFileReference section */
		09306B50233DBFA3ED22E4AE /* Pods-myEHR.debug.xcconfig */ = {isa = PBXFileReference; includeInIndex = 1; lastKnownFileType = text.xcconfig; name = "Pods-myEHR.debug.xcconfig"; path = "Pods/Target Support Files/Pods-myEHR/Pods-myEHR.debug.xcconfig"; sourceTree = "<group>"; };
		3DE1EA5838C1B2FBBDB30453 /* Pods-myEHR.release.xcconfig */ = {isa = PBXFileReference; includeInIndex = 1; lastKnownFileType = text.xcconfig; name = "Pods-myEHR.release.xcconfig"; path = "Pods/Target Support Files/Pods-myEHR/Pods-myEHR.release.xcconfig"; sourceTree = "<group>"; };
		6CE5365EDD9809FD01C6DECE /* Pods_myEHR.framework */ = {isa = PBXFileReference; explicitFileType = wrapper.framework; includeInIndex = 0; path = Pods_myEHR.framework; sourceTree = BUILT_PRODUCTS_DIR; };
		8C196B7D20682A6300B407CB /* myEHR.app */ = {isa = PBXFileReference; explicitFileType = wrapper.application; includeInIndex = 0; path = myEHR.app; sourceTree = BUILT_PRODUCTS_DIR; };
		8C196B8020682A6300B407CB /* AppDelegate.swift */ = {isa = PBXFileReference; lastKnownFileType = sourcecode.swift; path = AppDelegate.swift; sourceTree = "<group>"; };
		8C196B8220682A6300B407CB /* SignInVC.swift */ = {isa = PBXFileReference; lastKnownFileType = sourcecode.swift; path = SignInVC.swift; sourceTree = "<group>"; };
		8C196B8520682A6300B407CB /* Base */ = {isa = PBXFileReference; lastKnownFileType = file.storyboard; name = Base; path = Base.lproj/Main.storyboard; sourceTree = "<group>"; };
		8C196B8720682A6300B407CB /* Assets.xcassets */ = {isa = PBXFileReference; lastKnownFileType = folder.assetcatalog; path = Assets.xcassets; sourceTree = "<group>"; };
		8C196B8A20682A6300B407CB /* Base */ = {isa = PBXFileReference; lastKnownFileType = file.storyboard; name = Base; path = Base.lproj/LaunchScreen.storyboard; sourceTree = "<group>"; };
		8C196B8C20682A6300B407CB /* Info.plist */ = {isa = PBXFileReference; lastKnownFileType = text.plist.xml; path = Info.plist; sourceTree = "<group>"; };
		8C2159B3206889EC005A54A5 /* SignUpVC.swift */ = {isa = PBXFileReference; lastKnownFileType = sourcecode.swift; path = SignUpVC.swift; sourceTree = "<group>"; };
		8C2159B520688BB7005A54A5 /* Extension.swift */ = {isa = PBXFileReference; lastKnownFileType = sourcecode.swift; path = Extension.swift; sourceTree = "<group>"; };
		8C2159B720696955005A54A5 /* MainPageVC.swift */ = {isa = PBXFileReference; lastKnownFileType = sourcecode.swift; path = MainPageVC.swift; sourceTree = "<group>"; };
/* End PBXFileReference section */

/* Begin PBXFrameworksBuildPhase section */
		8C196B7A20682A6300B407CB /* Frameworks */ = {
			isa = PBXFrameworksBuildPhase;
			buildActionMask = 2147483647;
			files = (
				D2906B638EA1D7B59102DF0B /* Pods_myEHR.framework in Frameworks */,
			);
			runOnlyForDeploymentPostprocessing = 0;
		};
/* End PBXFrameworksBuildPhase section */

/* Begin PBXGroup section */
		41D9B17A3AC44F1AD2CE2A53 /* Pods */ = {
			isa = PBXGroup;
			children = (
				09306B50233DBFA3ED22E4AE /* Pods-myEHR.debug.xcconfig */,
				3DE1EA5838C1B2FBBDB30453 /* Pods-myEHR.release.xcconfig */,
			);
			name = Pods;
			sourceTree = "<group>";
		};
		8C196B7420682A6300B407CB = {
			isa = PBXGroup;
			children = (
				8C196B7F20682A6300B407CB /* myEHR */,
				8C196B7E20682A6300B407CB /* Products */,
				41D9B17A3AC44F1AD2CE2A53 /* Pods */,
				A5D7B700290DE37B8D730E7E /* Frameworks */,
			);
			sourceTree = "<group>";
		};
		8C196B7E20682A6300B407CB /* Products */ = {
			isa = PBXGroup;
			children = (
				8C196B7D20682A6300B407CB /* myEHR.app */,
			);
			name = Products;
			sourceTree = "<group>";
		};
		8C196B7F20682A6300B407CB /* myEHR */ = {
			isa = PBXGroup;
			children = (
				8C196B8020682A6300B407CB /* AppDelegate.swift */,
				8C196B8220682A6300B407CB /* SignInVC.swift */,
				8C2159B3206889EC005A54A5 /* SignUpVC.swift */,
				8C2159B720696955005A54A5 /* MainPageVC.swift */,
				8C2159B520688BB7005A54A5 /* Extension.swift */,
				8C196B8420682A6300B407CB /* Main.storyboard */,
				8C196B8720682A6300B407CB /* Assets.xcassets */,
				8C196B8920682A6300B407CB /* LaunchScreen.storyboard */,
				8C196B8C20682A6300B407CB /* Info.plist */,
			);
			path = myEHR;
			sourceTree = "<group>";
		};
		A5D7B700290DE37B8D730E7E /* Frameworks */ = {
			isa = PBXGroup;
			children = (
				6CE5365EDD9809FD01C6DECE /* Pods_myEHR.framework */,
			);
			name = Frameworks;
			sourceTree = "<group>";
		};
/* End PBXGroup section */

/* Begin PBXNativeTarget section */
		8C196B7C20682A6300B407CB /* myEHR */ = {
			isa = PBXNativeTarget;
			buildConfigurationList = 8C196B8F20682A6300B407CB /* Build configuration list for PBXNativeTarget "myEHR" */;
			buildPhases = (
				55A63B9CE680D993D6092A9A /* [CP] Check Pods Manifest.lock */,
				8C196B7920682A6300B407CB /* Sources */,
				8C196B7A20682A6300B407CB /* Frameworks */,
				8C196B7B20682A6300B407CB /* Resources */,
				00F2C90E74191B2E5F220D9D /* [CP] Embed Pods Frameworks */,
				61075ABBDD6F62771A03EF56 /* [CP] Copy Pods Resources */,
			);
			buildRules = (
			);
			dependencies = (
			);
			name = myEHR;
			productName = myEHR;
			productReference = 8C196B7D20682A6300B407CB /* myEHR.app */;
			productType = "com.apple.product-type.application";
		};
/* End PBXNativeTarget section */

/* Begin PBXProject section */
		8C196B7520682A6300B407CB /* Project object */ = {
			isa = PBXProject;
			attributes = {
				LastSwiftUpdateCheck = 0920;
				LastUpgradeCheck = 0920;
				ORGANIZATIONNAME = qilio;
				TargetAttributes = {
					8C196B7C20682A6300B407CB = {
						CreatedOnToolsVersion = 9.2;
						ProvisioningStyle = Automatic;
					};
				};
			};
			buildConfigurationList = 8C196B7820682A6300B407CB /* Build configuration list for PBXProject "myEHR" */;
			compatibilityVersion = "Xcode 8.0";
			developmentRegion = en;
			hasScannedForEncodings = 0;
			knownRegions = (
				en,
				Base,
			);
			mainGroup = 8C196B7420682A6300B407CB;
			productRefGroup = 8C196B7E20682A6300B407CB /* Products */;
			projectDirPath = "";
			projectRoot = "";
			targets = (
				8C196B7C20682A6300B407CB /* myEHR */,
			);
		};
/* End PBXProject section */

/* Begin PBXResourcesBuildPhase section */
		8C196B7B20682A6300B407CB /* Resources */ = {
			isa = PBXResourcesBuildPhase;
			buildActionMask = 2147483647;
			files = (
				8C196B8B20682A6300B407CB /* LaunchScreen.storyboard in Resources */,
				8C196B8820682A6300B407CB /* Assets.xcassets in Resources */,
				8C196B8620682A6300B407CB /* Main.storyboard in Resources */,
			);
			runOnlyForDeploymentPostprocessing = 0;
		};
/* End PBXResourcesBuildPhase section */

/* Begin PBXShellScriptBuildPhase section */
		00F2C90E74191B2E5F220D9D /* [CP] Embed Pods Frameworks */ = {
			isa = PBXShellScriptBuildPhase;
			buildActionMask = 2147483647;
			files = (
			);
			inputPaths = (
				"${SRCROOT}/Pods/Target Support Files/Pods-myEHR/Pods-myEHR-frameworks.sh",
				"${BUILT_PRODUCTS_DIR}/AWSCognito/AWSCognito.framework",
				"${BUILT_PRODUCTS_DIR}/AWSCore/AWSCore.framework",
			);
			name = "[CP] Embed Pods Frameworks";
			outputPaths = (
				"${TARGET_BUILD_DIR}/${FRAMEWORKS_FOLDER_PATH}/AWSCognito.framework",
				"${TARGET_BUILD_DIR}/${FRAMEWORKS_FOLDER_PATH}/AWSCore.framework",
			);
			runOnlyForDeploymentPostprocessing = 0;
			shellPath = /bin/sh;
			shellScript = "\"${SRCROOT}/Pods/Target Support Files/Pods-myEHR/Pods-myEHR-frameworks.sh\"\n";
			showEnvVarsInLog = 0;
		};
		55A63B9CE680D993D6092A9A /* [CP] Check Pods Manifest.lock */ = {
			isa = PBXShellScriptBuildPhase;
			buildActionMask = 2147483647;
			files = (
			);
			inputPaths = (
				"${PODS_PODFILE_DIR_PATH}/Podfile.lock",
				"${PODS_ROOT}/Manifest.lock",
			);
			name = "[CP] Check Pods Manifest.lock";
			outputPaths = (
				"$(DERIVED_FILE_DIR)/Pods-myEHR-checkManifestLockResult.txt",
			);
			runOnlyForDeploymentPostprocessing = 0;
			shellPath = /bin/sh;
			shellScript = "diff \"${PODS_PODFILE_DIR_PATH}/Podfile.lock\" \"${PODS_ROOT}/Manifest.lock\" > /dev/null\nif [ $? != 0 ] ; then\n    # print error to STDERR\n    echo \"error: The sandbox is not in sync with the Podfile.lock. Run 'pod install' or update your CocoaPods installation.\" >&2\n    exit 1\nfi\n# This output is used by Xcode 'outputs' to avoid re-running this script phase.\necho \"SUCCESS\" > \"${SCRIPT_OUTPUT_FILE_0}\"\n";
			showEnvVarsInLog = 0;
		};
		61075ABBDD6F62771A03EF56 /* [CP] Copy Pods Resources */ = {
			isa = PBXShellScriptBuildPhase;
			buildActionMask = 2147483647;
			files = (
			);
			inputPaths = (
			);
			name = "[CP] Copy Pods Resources";
			outputPaths = (
			);
			runOnlyForDeploymentPostprocessing = 0;
			shellPath = /bin/sh;
			shellScript = "\"${SRCROOT}/Pods/Target Support Files/Pods-myEHR/Pods-myEHR-resources.sh\"\n";
			showEnvVarsInLog = 0;
		};
/* End PBXShellScriptBuildPhase section */

/* Begin PBXSourcesBuildPhase section */
		8C196B7920682A6300B407CB /* Sources */ = {
			isa = PBXSourcesBuildPhase;
			buildActionMask = 2147483647;
			files = (
				8C196B8320682A6300B407CB /* SignInVC.swift in Sources */,
				8C2159B820696955005A54A5 /* MainPageVC.swift in Sources */,
				8C2159B4206889EC005A54A5 /* SignUpVC.swift in Sources */,
				8C196B8120682A6300B407CB /* AppDelegate.swift in Sources */,
				8C2159B620688BB7005A54A5 /* Extension.swift in Sources */,
			);
			runOnlyForDeploymentPostprocessing = 0;
		};
/* End PBXSourcesBuildPhase section */

/* Begin PBXVariantGroup section */
		8C196B8420682A6300B407CB /* Main.storyboard */ = {
			isa = PBXVariantGroup;
			children = (
				8C196B8520682A6300B407CB /* Base */,
			);
			name = Main.storyboard;
			sourceTree = "<group>";
		};
		8C196B8920682A6300B407CB /* LaunchScreen.storyboard */ = {
			isa = PBXVariantGroup;
			children = (
				8C196B8A20682A6300B407CB /* Base */,
			);
			name = LaunchScreen.storyboard;
			sourceTree = "<group>";
		};
/* End PBXVariantGroup section */

/* Begin XCBuildConfiguration section */
		8C196B8D20682A6300B407CB /* Debug */ = {
			isa = XCBuildConfiguration;
			buildSettings = {
				ALWAYS_SEARCH_USER_PATHS = NO;
				CLANG_ANALYZER_NONNULL = YES;
				CLANG_ANALYZER_NUMBER_OBJECT_CONVERSION = YES_AGGRESSIVE;
				CLANG_CXX_LANGUAGE_STANDARD = "gnu++14";
				CLANG_CXX_LIBRARY = "libc++";
				CLANG_ENABLE_MODULES = YES;
				CLANG_ENABLE_OBJC_ARC = YES;
				CLANG_WARN_BLOCK_CAPTURE_AUTORELEASING = YES;
				CLANG_WARN_BOOL_CONVERSION = YES;
				CLANG_WARN_COMMA = YES;
				CLANG_WARN_CONSTANT_CONVERSION = YES;
				CLANG_WARN_DIRECT_OBJC_ISA_USAGE = YES_ERROR;
				CLANG_WARN_DOCUMENTATION_COMMENTS = YES;
				CLANG_WARN_EMPTY_BODY = YES;
				CLANG_WARN_ENUM_CONVERSION = YES;
				CLANG_WARN_INFINITE_RECURSION = YES;
				CLANG_WARN_INT_CONVERSION = YES;
				CLANG_WARN_NON_LITERAL_NULL_CONVERSION = YES;
				CLANG_WARN_OBJC_LITERAL_CONVERSION = YES;
				CLANG_WARN_OBJC_ROOT_CLASS = YES_ERROR;
				CLANG_WARN_RANGE_LOOP_ANALYSIS = YES;
				CLANG_WARN_STRICT_PROTOTYPES = YES;
				CLANG_WARN_SUSPICIOUS_MOVE = YES;
				CLANG_WARN_UNGUARDED_AVAILABILITY = YES_AGGRESSIVE;
				CLANG_WARN_UNREACHABLE_CODE = YES;
				CLANG_WARN__DUPLICATE_METHOD_MATCH = YES;
				CODE_SIGN_IDENTITY = "iPhone Developer";
				COPY_PHASE_STRIP = NO;
				DEBUG_INFORMATION_FORMAT = dwarf;
				ENABLE_STRICT_OBJC_MSGSEND = YES;
				ENABLE_TESTABILITY = YES;
				GCC_C_LANGUAGE_STANDARD = gnu11;
				GCC_DYNAMIC_NO_PIC = NO;
				GCC_NO_COMMON_BLOCKS = YES;
				GCC_OPTIMIZATION_LEVEL = 0;
				GCC_PREPROCESSOR_DEFINITIONS = (
					"DEBUG=1",
					"$(inherited)",
				);
				GCC_WARN_64_TO_32_BIT_CONVERSION = YES;
				GCC_WARN_ABOUT_RETURN_TYPE = YES_ERROR;
				GCC_WARN_UNDECLARED_SELECTOR = YES;
				GCC_WARN_UNINITIALIZED_AUTOS = YES_AGGRESSIVE;
				GCC_WARN_UNUSED_FUNCTION = YES;
				GCC_WARN_UNUSED_VARIABLE = YES;
				IPHONEOS_DEPLOYMENT_TARGET = 11.2;
				MTL_ENABLE_DEBUG_INFO = YES;
				ONLY_ACTIVE_ARCH = YES;
				SDKROOT = iphoneos;
				SWIFT_ACTIVE_COMPILATION_CONDITIONS = DEBUG;
				SWIFT_OPTIMIZATION_LEVEL = "-Onone";
			};
			name = Debug;
		};
		8C196B8E20682A6300B407CB /* Release */ = {
			isa = XCBuildConfiguration;
			buildSettings = {
				ALWAYS_SEARCH_USER_PATHS = NO;
				CLANG_ANALYZER_NONNULL = YES;
				CLANG_ANALYZER_NUMBER_OBJECT_CONVERSION = YES_AGGRESSIVE;
				CLANG_CXX_LANGUAGE_STANDARD = "gnu++14";
				CLANG_CXX_LIBRARY = "libc++";
				CLANG_ENABLE_MODULES = YES;
				CLANG_ENABLE_OBJC_ARC = YES;
				CLANG_WARN_BLOCK_CAPTURE_AUTORELEASING = YES;
				CLANG_WARN_BOOL_CONVERSION = YES;
				CLANG_WARN_COMMA = YES;
				CLANG_WARN_CONSTANT_CONVERSION = YES;
				CLANG_WARN_DIRECT_OBJC_ISA_USAGE = YES_ERROR;
				CLANG_WARN_DOCUMENTATION_COMMENTS = YES;
				CLANG_WARN_EMPTY_BODY = YES;
				CLANG_WARN_ENUM_CONVERSION = YES;
				CLANG_WARN_INFINITE_RECURSION = YES;
				CLANG_WARN_INT_CONVERSION = YES;
				CLANG_WARN_NON_LITERAL_NULL_CONVERSION = YES;
				CLANG_WARN_OBJC_LITERAL_CONVERSION = YES;
				CLANG_WARN_OBJC_ROOT_CLASS = YES_ERROR;
				CLANG_WARN_RANGE_LOOP_ANALYSIS = YES;
				CLANG_WARN_STRICT_PROTOTYPES = YES;
				CLANG_WARN_SUSPICIOUS_MOVE = YES;
				CLANG_WARN_UNGUARDED_AVAILABILITY = YES_AGGRESSIVE;
				CLANG_WARN_UNREACHABLE_CODE = YES;
				CLANG_WARN__DUPLICATE_METHOD_MATCH = YES;
				CODE_SIGN_IDENTITY = "iPhone Developer";
				COPY_PHASE_STRIP = NO;
				DEBUG_INFORMATION_FORMAT = "dwarf-with-dsym";
				ENABLE_NS_ASSERTIONS = NO;
				ENABLE_STRICT_OBJC_MSGSEND = YES;
				GCC_C_LANGUAGE_STANDARD = gnu11;
				GCC_NO_COMMON_BLOCKS = YES;
				GCC_WARN_64_TO_32_BIT_CONVERSION = YES;
				GCC_WARN_ABOUT_RETURN_TYPE = YES_ERROR;
				GCC_WARN_UNDECLARED_SELECTOR = YES;
				GCC_WARN_UNINITIALIZED_AUTOS = YES_AGGRESSIVE;
				GCC_WARN_UNUSED_FUNCTION = YES;
				GCC_WARN_UNUSED_VARIABLE = YES;
				IPHONEOS_DEPLOYMENT_TARGET = 11.2;
				MTL_ENABLE_DEBUG_INFO = NO;
				SDKROOT = iphoneos;
				SWIFT_OPTIMIZATION_LEVEL = "-Owholemodule";
				VALIDATE_PRODUCT = YES;
			};
			name = Release;
		};
		8C196B9020682A6300B407CB /* Debug */ = {
			isa = XCBuildConfiguration;
			baseConfigurationReference = 09306B50233DBFA3ED22E4AE /* Pods-myEHR.debug.xcconfig */;
			buildSettings = {
				ASSETCATALOG_COMPILER_APPICON_NAME = AppIcon;
				CODE_SIGN_STYLE = Automatic;
				DEVELOPMENT_TEAM = JVTEE3NX5Y;
				INFOPLIST_FILE = myEHR/Info.plist;
				LD_RUNPATH_SEARCH_PATHS = "$(inherited) @executable_path/Frameworks";
				PRODUCT_BUNDLE_IDENTIFIER = com.qilio.myEHR;
				PRODUCT_NAME = "$(TARGET_NAME)";
				SWIFT_VERSION = 4.0;
				TARGETED_DEVICE_FAMILY = "1,2";
			};
			name = Debug;
		};
		8C196B9120682A6300B407CB /* Release */ = {
			isa = XCBuildConfiguration;
			baseConfigurationReference = 3DE1EA5838C1B2FBBDB30453 /* Pods-myEHR.release.xcconfig */;
			buildSettings = {
				ASSETCATALOG_COMPILER_APPICON_NAME = AppIcon;
				CODE_SIGN_STYLE = Automatic;
				DEVELOPMENT_TEAM = JVTEE3NX5Y;
				INFOPLIST_FILE = myEHR/Info.plist;
				LD_RUNPATH_SEARCH_PATHS = "$(inherited) @executable_path/Frameworks";
				PRODUCT_BUNDLE_IDENTIFIER = com.qilio.myEHR;
				PRODUCT_NAME = "$(TARGET_NAME)";
				SWIFT_VERSION = 4.0;
				TARGETED_DEVICE_FAMILY = "1,2";
			};
			name = Release;
		};
/* End XCBuildConfiguration section */

/* Begin XCConfigurationList section */
		8C196B7820682A6300B407CB /* Build configuration list for PBXProject "myEHR" */ = {
			isa = XCConfigurationList;
			buildConfigurations = (
				8C196B8D20682A6300B407CB /* Debug */,
				8C196B8E20682A6300B407CB /* Release */,
			);
			defaultConfigurationIsVisible = 0;
			defaultConfigurationName = Release;
		};
		8C196B8F20682A6300B407CB /* Build configuration list for PBXNativeTarget "myEHR" */ = {
			isa = XCConfigurationList;
			buildConfigurations = (
				8C196B9020682A6300B407CB /* Debug */,
				8C196B9120682A6300B407CB /* Release */,
			);
			defaultConfigurationIsVisible = 0;
			defaultConfigurationName = Release;
		};
/* End XCConfigurationList section */
	};
	rootObject = 8C196B7520682A6300B407CB /* Project object */;
}
